
Microsoft Visual Studio Solution File, Format Version 12.00
# Visual Studio Version 17
VisualStudioVersion = 17.5.33424.131
MinimumVisualStudioVersion = 10.0.40219.1
Project("{FAE04EC0-301F-11D3-BF4B-00C04F79EFBC}") = "RadzenTreeView", "RadzenTreeView\RadzenTreeView.csproj", "{0E66FC8A-6855-47C4-AA0E-2FA472F407CA}"
EndProject
Global
	GlobalSection(SolutionConfigurationPlatforms) = preSolution
		Debug|Any CPU = Debug|Any CPU
		Release|Any CPU = Release|Any CPU
	EndGlobalSection
	GlobalSection(ProjectConfigurationPlatforms) = postSolution
		{0E66FC8A-6855-47C4-AA0E-2FA472F407CA}.Debug|Any CPU.ActiveCfg = Debug|Any CPU
		{0E66FC8A-6855-47C4-AA0E-2FA472F407CA}.Debug|Any CPU.Build.0 = Debug|Any CPU
		{0E66FC8A-6855-47C4-AA0E-2FA472F407CA}.Release|Any CPU.ActiveCfg = Release|Any CPU
		{0E66FC8A-6855-47C4-AA0E-2FA472F407CA}.Release|Any CPU.Build.0 = Release|Any CPU
	EndGlobalSection
	GlobalSection(SolutionProperties) = preSolution
		HideSolutionNode = FALSE
	EndGlobalSection
	GlobalSection(ExtensibilityGlobals) = postSolution
		SolutionGuid = {4D555735-9F7F-487A-B6F3-E7AE3F1D54F8}
	EndGlobalSection
EndGlobal
